
Microsoft Visual Studio Solution File, Format Version 12.00
# Visual Studio 15
VisualStudioVersion = 15.0.28010.2046
MinimumVisualStudioVersion = 10.0.40219.1
Project("{54435603-DBB4-11D2-8724-00A0C9A8B90C}") = "InstaladorRFID", "InstaladorRFID\InstaladorRFID.vdproj", "{648432D3-DB81-4CB8-9443-6F0B7A4D547F}"
EndProject
Project("{FAE04EC0-301F-11D3-BF4B-00C04F79EFBC}") = "Anden_2", "Anden_2\Anden_2.csproj", "{B0520D62-E9C8-40E8-81E2-2319E380DBBC}"
EndProject
Global
	GlobalSection(SolutionConfigurationPlatforms) = preSolution
		Debug|Any CPU = Debug|Any CPU
		Release|Any CPU = Release|Any CPU
	EndGlobalSection
	GlobalSection(ProjectConfigurationPlatforms) = postSolution
		{648432D3-DB81-4CB8-9443-6F0B7A4D547F}.Debug|Any CPU.ActiveCfg = Debug
		{648432D3-DB81-4CB8-9443-6F0B7A4D547F}.Release|Any CPU.ActiveCfg = Release
		{B0520D62-E9C8-40E8-81E2-2319E380DBBC}.Debug|Any CPU.ActiveCfg = Debug|Any CPU
		{B0520D62-E9C8-40E8-81E2-2319E380DBBC}.Debug|Any CPU.Build.0 = Debug|Any CPU
		{B0520D62-E9C8-40E8-81E2-2319E380DBBC}.Release|Any CPU.ActiveCfg = Release|Any CPU
		{B0520D62-E9C8-40E8-81E2-2319E380DBBC}.Release|Any CPU.Build.0 = Release|Any CPU
	EndGlobalSection
	GlobalSection(SolutionProperties) = preSolution
		HideSolutionNode = FALSE
	EndGlobalSection
	GlobalSection(ExtensibilityGlobals) = postSolution
		SolutionGuid = {1343DA86-B0FB-4567-9452-59C23612F01B}
	EndGlobalSection
EndGlobal
